
Microsoft Visual Studio Solution File, Format Version 12.00
# Visual Studio Version 17
VisualStudioVersion = 17.13.35825.156 d17.13
MinimumVisualStudioVersion = 10.0.40219.1
Project("{FAE04EC0-301F-11D3-BF4B-00C04F79EFBC}") = "SimpleRESTServer", "SimpleRESTServer.csproj", "{8A501715-DD3E-4950-8A00-7BACF9B01F5B}"
EndProject
Global
	GlobalSection(SolutionConfigurationPlatforms) = preSolution
		Debug|Any CPU = Debug|Any CPU
		Release|Any CPU = Release|Any CPU
	EndGlobalSection
	GlobalSection(ProjectConfigurationPlatforms) = postSolution
		{8A501715-DD3E-4950-8A00-7BACF9B01F5B}.Debug|Any CPU.ActiveCfg = Debug|Any CPU
		{8A501715-DD3E-4950-8A00-7BACF9B01F5B}.Debug|Any CPU.Build.0 = Debug|Any CPU
		{8A501715-DD3E-4950-8A00-7BACF9B01F5B}.Release|Any CPU.ActiveCfg = Release|Any CPU
		{8A501715-DD3E-4950-8A00-7BACF9B01F5B}.Release|Any CPU.Build.0 = Release|Any CPU
	EndGlobalSection
	GlobalSection(SolutionProperties) = preSolution
		HideSolutionNode = FALSE
	EndGlobalSection
	GlobalSection(ExtensibilityGlobals) = postSolution
		SolutionGuid = {E5B9C235-53F9-47CF-BE3A-310E9595AA32}
	EndGlobalSection
EndGlobal
